
Microsoft Visual Studio Solution File, Format Version 12.00
# Visual Studio 15
VisualStudioVersion = 15.0.27004.2002
MinimumVisualStudioVersion = 10.0.40219.1
Project("{2150E333-8FDC-42A3-9474-1A3956D46DE8}") = "01-Presentation", "01-Presentation", "{A91705F1-8103-464E-9B5A-D986B583F3C5}"
EndProject
Project("{2150E333-8FDC-42A3-9474-1A3956D46DE8}") = "02-Business", "02-Business", "{55C19D3F-ADEF-4E06-ADF0-7F354E7AA276}"
EndProject
Project("{2150E333-8FDC-42A3-9474-1A3956D46DE8}") = "03-Data", "03-Data", "{AE69746A-5185-4EF6-87A6-D3D5EC80CFA9}"
EndProject
Project("{2150E333-8FDC-42A3-9474-1A3956D46DE8}") = "99-Tests", "99-Tests", "{7F783FA0-38E1-47D7-94DC-C70E090B0694}"
EndProject
Project("{FAE04EC0-301F-11D3-BF4B-00C04F79EFBC}") = "Business", "Business\Business.csproj", "{D0129712-FBE7-4C71-8DB8-552E038CA190}"
EndProject
Project("{FAE04EC0-301F-11D3-BF4B-00C04F79EFBC}") = "Data.Core", "Data.Core\Data.Core.csproj", "{08755C01-1103-4EDD-9F72-C9A20DBDFD12}"
EndProject
Project("{FAE04EC0-301F-11D3-BF4B-00C04F79EFBC}") = "Data.Persistence", "Data.Persistence\Data.Persistence.csproj", "{C6BFF995-B122-4F03-B296-FC17FD91571C}"
EndProject
Project("{FAE04EC0-301F-11D3-BF4B-00C04F79EFBC}") = "IntegrationTests", "IntegrationTests\IntegrationTests.csproj", "{6BB4A5C1-3DED-4422-A2B6-00B5FAB61402}"
EndProject
Project("{FAE04EC0-301F-11D3-BF4B-00C04F79EFBC}") = "UnitTests", "UnitTests\UnitTests.csproj", "{B7957B8F-175C-492C-9065-0E652BDB93C1}"
EndProject
Project("{FAE04EC0-301F-11D3-BF4B-00C04F79EFBC}") = "Presentation", "Presentation\Presentation.csproj", "{B5BDEFF8-D3FA-40D9-8443-74488DD3974F}"
EndProject
Global
	GlobalSection(SolutionConfigurationPlatforms) = preSolution
		Debug|Any CPU = Debug|Any CPU
		Release|Any CPU = Release|Any CPU
	EndGlobalSection
	GlobalSection(ProjectConfigurationPlatforms) = postSolution
		{D0129712-FBE7-4C71-8DB8-552E038CA190}.Debug|Any CPU.ActiveCfg = Debug|Any CPU
		{D0129712-FBE7-4C71-8DB8-552E038CA190}.Debug|Any CPU.Build.0 = Debug|Any CPU
		{D0129712-FBE7-4C71-8DB8-552E038CA190}.Release|Any CPU.ActiveCfg = Release|Any CPU
		{D0129712-FBE7-4C71-8DB8-552E038CA190}.Release|Any CPU.Build.0 = Release|Any CPU
		{08755C01-1103-4EDD-9F72-C9A20DBDFD12}.Debug|Any CPU.ActiveCfg = Debug|Any CPU
		{08755C01-1103-4EDD-9F72-C9A20DBDFD12}.Debug|Any CPU.Build.0 = Debug|Any CPU
		{08755C01-1103-4EDD-9F72-C9A20DBDFD12}.Release|Any CPU.ActiveCfg = Release|Any CPU
		{08755C01-1103-4EDD-9F72-C9A20DBDFD12}.Release|Any CPU.Build.0 = Release|Any CPU
		{C6BFF995-B122-4F03-B296-FC17FD91571C}.Debug|Any CPU.ActiveCfg = Debug|Any CPU
		{C6BFF995-B122-4F03-B296-FC17FD91571C}.Debug|Any CPU.Build.0 = Debug|Any CPU
		{C6BFF995-B122-4F03-B296-FC17FD91571C}.Release|Any CPU.ActiveCfg = Release|Any CPU
		{C6BFF995-B122-4F03-B296-FC17FD91571C}.Release|Any CPU.Build.0 = Release|Any CPU
		{6BB4A5C1-3DED-4422-A2B6-00B5FAB61402}.Debug|Any CPU.ActiveCfg = Debug|Any CPU
		{6BB4A5C1-3DED-4422-A2B6-00B5FAB61402}.Debug|Any CPU.Build.0 = Debug|Any CPU
		{6BB4A5C1-3DED-4422-A2B6-00B5FAB61402}.Release|Any CPU.ActiveCfg = Release|Any CPU
		{6BB4A5C1-3DED-4422-A2B6-00B5FAB61402}.Release|Any CPU.Build.0 = Release|Any CPU
		{B7957B8F-175C-492C-9065-0E652BDB93C1}.Debug|Any CPU.ActiveCfg = Debug|Any CPU
		{B7957B8F-175C-492C-9065-0E652BDB93C1}.Debug|Any CPU.Build.0 = Debug|Any CPU
		{B7957B8F-175C-492C-9065-0E652BDB93C1}.Release|Any CPU.ActiveCfg = Release|Any CPU
		{B7957B8F-175C-492C-9065-0E652BDB93C1}.Release|Any CPU.Build.0 = Release|Any CPU
		{B5BDEFF8-D3FA-40D9-8443-74488DD3974F}.Debug|Any CPU.ActiveCfg = Debug|Any CPU
		{B5BDEFF8-D3FA-40D9-8443-74488DD3974F}.Debug|Any CPU.Build.0 = Debug|Any CPU
		{B5BDEFF8-D3FA-40D9-8443-74488DD3974F}.Release|Any CPU.ActiveCfg = Release|Any CPU
		{B5BDEFF8-D3FA-40D9-8443-74488DD3974F}.Release|Any CPU.Build.0 = Release|Any CPU
	EndGlobalSection
	GlobalSection(SolutionProperties) = preSolution
		HideSolutionNode = FALSE
	EndGlobalSection
	GlobalSection(NestedProjects) = preSolution
		{D0129712-FBE7-4C71-8DB8-552E038CA190} = {55C19D3F-ADEF-4E06-ADF0-7F354E7AA276}
		{08755C01-1103-4EDD-9F72-C9A20DBDFD12} = {AE69746A-5185-4EF6-87A6-D3D5EC80CFA9}
		{C6BFF995-B122-4F03-B296-FC17FD91571C} = {AE69746A-5185-4EF6-87A6-D3D5EC80CFA9}
		{6BB4A5C1-3DED-4422-A2B6-00B5FAB61402} = {7F783FA0-38E1-47D7-94DC-C70E090B0694}
		{B7957B8F-175C-492C-9065-0E652BDB93C1} = {7F783FA0-38E1-47D7-94DC-C70E090B0694}
		{B5BDEFF8-D3FA-40D9-8443-74488DD3974F} = {A91705F1-8103-464E-9B5A-D986B583F3C5}
	EndGlobalSection
	GlobalSection(ExtensibilityGlobals) = postSolution
		SolutionGuid = {1B7BB2BC-0637-44CE-8EE7-203A9E6A8877}
	EndGlobalSection
EndGlobal
